
Microsoft Visual Studio Solution File, Format Version 12.00
# Visual Studio Version 16
VisualStudioVersion = 16.0.30204.135
MinimumVisualStudioVersion = 10.0.40219.1
Project("{FAE04EC0-301F-11D3-BF4B-00C04F79EFBC}") = "Campeonato_App.Android", "Campeonato_App\Campeonato_App.Android\Campeonato_App.Android.csproj", "{3F8A603F-98AC-4846-A534-24C571F17E71}"
EndProject
Project("{FAE04EC0-301F-11D3-BF4B-00C04F79EFBC}") = "Campeonato_App", "Campeonato_App\Campeonato_App\Campeonato_App.csproj", "{476796CB-2AD4-428B-A48E-B5B827C50716}"
EndProject
Global
	GlobalSection(SolutionConfigurationPlatforms) = preSolution
		Debug|Any CPU = Debug|Any CPU
		Release|Any CPU = Release|Any CPU
	EndGlobalSection
	GlobalSection(ProjectConfigurationPlatforms) = postSolution
		{3F8A603F-98AC-4846-A534-24C571F17E71}.Debug|Any CPU.ActiveCfg = Debug|Any CPU
		{3F8A603F-98AC-4846-A534-24C571F17E71}.Debug|Any CPU.Build.0 = Debug|Any CPU
		{3F8A603F-98AC-4846-A534-24C571F17E71}.Debug|Any CPU.Deploy.0 = Debug|Any CPU
		{3F8A603F-98AC-4846-A534-24C571F17E71}.Release|Any CPU.ActiveCfg = Release|Any CPU
		{3F8A603F-98AC-4846-A534-24C571F17E71}.Release|Any CPU.Build.0 = Release|Any CPU
		{3F8A603F-98AC-4846-A534-24C571F17E71}.Release|Any CPU.Deploy.0 = Release|Any CPU
		{476796CB-2AD4-428B-A48E-B5B827C50716}.Debug|Any CPU.ActiveCfg = Debug|Any CPU
		{476796CB-2AD4-428B-A48E-B5B827C50716}.Debug|Any CPU.Build.0 = Debug|Any CPU
		{476796CB-2AD4-428B-A48E-B5B827C50716}.Debug|Any CPU.Deploy.0 = Debug|Any CPU
		{476796CB-2AD4-428B-A48E-B5B827C50716}.Release|Any CPU.ActiveCfg = Release|Any CPU
		{476796CB-2AD4-428B-A48E-B5B827C50716}.Release|Any CPU.Build.0 = Release|Any CPU
		{476796CB-2AD4-428B-A48E-B5B827C50716}.Release|Any CPU.Deploy.0 = Release|Any CPU
	EndGlobalSection
	GlobalSection(SolutionProperties) = preSolution
		HideSolutionNode = FALSE
	EndGlobalSection
	GlobalSection(ExtensibilityGlobals) = postSolution
		SolutionGuid = {CB4F2CBD-2904-46DD-95E3-EE535A33C475}
	EndGlobalSection
EndGlobal
