
Microsoft Visual Studio Solution File, Format Version 12.00
# Visual Studio Version 16
VisualStudioVersion = 16.0.30225.117
MinimumVisualStudioVersion = 10.0.40219.1
Project("{FAE04EC0-301F-11D3-BF4B-00C04F79EFBC}") = "App2.Android", "App2.Android\App2.Android.csproj", "{408D0DDC-D206-41B4-85ED-18D7FE39200D}"
EndProject
Project("{FAE04EC0-301F-11D3-BF4B-00C04F79EFBC}") = "App2", "App2\App2.csproj", "{6489EDF4-E952-44A6-A73D-8D0D5636FFDF}"
EndProject
Global
	GlobalSection(SolutionConfigurationPlatforms) = preSolution
		Debug|Any CPU = Debug|Any CPU
		Release|Any CPU = Release|Any CPU
	EndGlobalSection
	GlobalSection(ProjectConfigurationPlatforms) = postSolution
		{408D0DDC-D206-41B4-85ED-18D7FE39200D}.Debug|Any CPU.ActiveCfg = Debug|Any CPU
		{408D0DDC-D206-41B4-85ED-18D7FE39200D}.Debug|Any CPU.Build.0 = Debug|Any CPU
		{408D0DDC-D206-41B4-85ED-18D7FE39200D}.Debug|Any CPU.Deploy.0 = Debug|Any CPU
		{408D0DDC-D206-41B4-85ED-18D7FE39200D}.Release|Any CPU.ActiveCfg = Release|Any CPU
		{408D0DDC-D206-41B4-85ED-18D7FE39200D}.Release|Any CPU.Build.0 = Release|Any CPU
		{408D0DDC-D206-41B4-85ED-18D7FE39200D}.Release|Any CPU.Deploy.0 = Release|Any CPU
		{6489EDF4-E952-44A6-A73D-8D0D5636FFDF}.Debug|Any CPU.ActiveCfg = Debug|Any CPU
		{6489EDF4-E952-44A6-A73D-8D0D5636FFDF}.Debug|Any CPU.Build.0 = Debug|Any CPU
		{6489EDF4-E952-44A6-A73D-8D0D5636FFDF}.Debug|Any CPU.Deploy.0 = Debug|Any CPU
		{6489EDF4-E952-44A6-A73D-8D0D5636FFDF}.Release|Any CPU.ActiveCfg = Release|Any CPU
		{6489EDF4-E952-44A6-A73D-8D0D5636FFDF}.Release|Any CPU.Build.0 = Release|Any CPU
		{6489EDF4-E952-44A6-A73D-8D0D5636FFDF}.Release|Any CPU.Deploy.0 = Release|Any CPU
	EndGlobalSection
	GlobalSection(SolutionProperties) = preSolution
		HideSolutionNode = FALSE
	EndGlobalSection
	GlobalSection(ExtensibilityGlobals) = postSolution
		SolutionGuid = {A1F60D68-D1EE-409D-828D-24284616C28E}
	EndGlobalSection
EndGlobal
